// !$*UTF8*$!
{
	archiveVersion = 1;
	classes = {
	};
	objectVersion = 46;
	objects = {

/* Begin PBXBuildFile section */
		3767977A1E1276CA00012899 /* AppDelegate.swift in Sources */ = {isa = PBXBuildFile; fileRef = 376797791E1276CA00012899 /* AppDelegate.swift */; };
		3767977C1E1276CA00012899 /* ViewController.swift in Sources */ = {isa = PBXBuildFile; fileRef = 3767977B1E1276CA00012899 /* ViewController.swift */; };
		3767977F1E1276CA00012899 /* Main.storyboard in Resources */ = {isa = PBXBuildFile; fileRef = 3767977D1E1276CA00012899 /* Main.storyboard */; };
		376797811E1276CA00012899 /* Assets.xcassets in Resources */ = {isa = PBXBuildFile; fileRef = 376797801E1276CA00012899 /* Assets.xcassets */; };
		376797841E1276CA00012899 /* LaunchScreen.storyboard in Resources */ = {isa = PBXBuildFile; fileRef = 376797821E1276CA00012899 /* LaunchScreen.storyboard */; };
		3767978F1E1276CA00012899 /* PhotosDemoTests.swift in Sources */ = {isa = PBXBuildFile; fileRef = 3767978E1E1276CA00012899 /* PhotosDemoTests.swift */; };
		3767979A1E1276CA00012899 /* PhotosDemoUITests.swift in Sources */ = {isa = PBXBuildFile; fileRef = 376797991E1276CA00012899 /* PhotosDemoUITests.swift */; };
/* End PBXBuildFile section */

/* Begin PBXContainerItemProxy section */
		3767978B1E1276CA00012899 /* PBXContainerItemProxy */ = {
			isa = PBXContainerItemProxy;
			containerPortal = 3767976E1E1276CA00012899 /* Project object */;
			proxyType = 1;
			remoteGlobalIDString = 376797751E1276CA00012899;
			remoteInfo = PhotosDemo;
		};
		376797961E1276CA00012899 /* PBXContainerItemProxy */ = {
			isa = PBXContainerItemProxy;
			containerPortal = 3767976E1E1276CA00012899 /* Project object */;
			proxyType = 1;
			remoteGlobalIDString = 376797751E1276CA00012899;
			remoteInfo = PhotosDemo;
		};
/* End PBXContainerItemProxy section */

/* Begin PBXFileReference section */
		376797761E1276CA00012899 /* PhotosDemo.app */ = {isa = PBXFileReference; explicitFileType = wrapper.application; includeInIndex = 0; path = PhotosDemo.app; sourceTree = BUILT_PRODUCTS_DIR; };
		376797791E1276CA00012899 /* AppDelegate.swift */ = {isa = PBXFileReference; lastKnownFileType = sourcecode.swift; path = AppDelegate.swift; sourceTree = "<group>"; };
		3767977B1E1276CA00012899 /* ViewController.swift */ = {isa = PBXFileReference; lastKnownFileType = sourcecode.swift; path = ViewController.swift; sourceTree = "<group>"; };
		3767977E1E1276CA00012899 /* Base */ = {isa = PBXFileReference; lastKnownFileType = file.storyboard; name = Base; path = Base.lproj/Main.storyboard; sourceTree = "<group>"; };
		376797801E1276CA00012899 /* Assets.xcassets */ = {isa = PBXFileReference; lastKnownFileType = folder.assetcatalog; path = Assets.xcassets; sourceTree = "<group>"; };
		376797831E1276CA00012899 /* Base */ = {isa = PBXFileReference; lastKnownFileType = file.storyboard; name = Base; path = Base.lproj/LaunchScreen.storyboard; sourceTree = "<group>"; };
		376797851E1276CA00012899 /* Info.plist */ = {isa = PBXFileReference; lastKnownFileType = text.plist.xml; path = Info.plist; sourceTree = "<group>"; };
		3767978A1E1276CA00012899 /* PhotosDemoTests.xctest */ = {isa = PBXFileReference; explicitFileType = wrapper.cfbundle; includeInIndex = 0; path = PhotosDemoTests.xctest; sourceTree = BUILT_PRODUCTS_DIR; };
		3767978E1E1276CA00012899 /* PhotosDemoTests.swift */ = {isa = PBXFileReference; lastKnownFileType = sourcecode.swift; path = PhotosDemoTests.swift; sourceTree = "<group>"; };
		376797901E1276CA00012899 /* Info.plist */ = {isa = PBXFileReference; lastKnownFileType = text.plist.xml; path = Info.plist; sourceTree = "<group>"; };
		376797951E1276CA00012899 /* PhotosDemoUITests.xctest */ = {isa = PBXFileReference; explicitFileType = wrapper.cfbundle; includeInIndex = 0; path = PhotosDemoUITests.xctest; sourceTree = BUILT_PRODUCTS_DIR; };
		376797991E1276CA00012899 /* PhotosDemoUITests.swift */ = {isa = PBXFileReference; lastKnownFileType = sourcecode.swift; path = PhotosDemoUITests.swift; sourceTree = "<group>"; };
		3767979B1E1276CA00012899 /* Info.plist */ = {isa = PBXFileReference; lastKnownFileType = text.plist.xml; path = Info.plist; sourceTree = "<group>"; };
/* End PBXFileReference section */

/* Begin PBXFrameworksBuildPhase section */
		376797731E1276CA00012899 /* Frameworks */ = {
			isa = PBXFrameworksBuildPhase;
			buildActionMask = 2147483647;
			files = (
			);
			runOnlyForDeploymentPostprocessing = 0;
		};
		376797871E1276CA00012899 /* Frameworks */ = {
			isa = PBXFrameworksBuildPhase;
			buildActionMask = 2147483647;
			files = (
			);
			runOnlyForDeploymentPostprocessing = 0;
		};
		376797921E1276CA00012899 /* Frameworks */ = {
			isa = PBXFrameworksBuildPhase;
			buildActionMask = 2147483647;
			files = (
			);
			runOnlyForDeploymentPostprocessing = 0;
		};
/* End PBXFrameworksBuildPhase section */

/* Begin PBXGroup section */
		3767976D1E1276CA00012899 = {
			isa = PBXGroup;
			children = (
				376797781E1276CA00012899 /* PhotosDemo */,
				3767978D1E1276CA00012899 /* PhotosDemoTests */,
				376797981E1276CA00012899 /* PhotosDemoUITests */,
				376797771E1276CA00012899 /* Products */,
			);
			sourceTree = "<group>";
		};
		376797771E1276CA00012899 /* Products */ = {
			isa = PBXGroup;
			children = (
				376797761E1276CA00012899 /* PhotosDemo.app */,
				3767978A1E1276CA00012899 /* PhotosDemoTests.xctest */,
				376797951E1276CA00012899 /* PhotosDemoUITests.xctest */,
			);
			name = Products;
			sourceTree = "<group>";
		};
		376797781E1276CA00012899 /* PhotosDemo */ = {
			isa = PBXGroup;
			children = (
				376797791E1276CA00012899 /* AppDelegate.swift */,
				3767977B1E1276CA00012899 /* ViewController.swift */,
				3767977D1E1276CA00012899 /* Main.storyboard */,
				376797801E1276CA00012899 /* Assets.xcassets */,
				376797821E1276CA00012899 /* LaunchScreen.storyboard */,
				376797851E1276CA00012899 /* Info.plist */,
			);
			path = PhotosDemo;
			sourceTree = "<group>";
		};
		3767978D1E1276CA00012899 /* PhotosDemoTests */ = {
			isa = PBXGroup;
			children = (
				3767978E1E1276CA00012899 /* PhotosDemoTests.swift */,
				376797901E1276CA00012899 /* Info.plist */,
			);
			path = PhotosDemoTests;
			sourceTree = "<group>";
		};
		376797981E1276CA00012899 /* PhotosDemoUITests */ = {
			isa = PBXGroup;
			children = (
				376797991E1276CA00012899 /* PhotosDemoUITests.swift */,
				3767979B1E1276CA00012899 /* Info.plist */,
			);
			path = PhotosDemoUITests;
			sourceTree = "<group>";
		};
/* End PBXGroup section */

/* Begin PBXNativeTarget section */
		376797751E1276CA00012899 /* PhotosDemo */ = {
			isa = PBXNativeTarget;
			buildConfigurationList = 3767979E1E1276CA00012899 /* Build configuration list for PBXNativeTarget "PhotosDemo" */;
			buildPhases = (
				376797721E1276CA00012899 /* Sources */,
				376797731E1276CA00012899 /* Frameworks */,
				376797741E1276CA00012899 /* Resources */,
			);
			buildRules = (
			);
			dependencies = (
			);
			name = PhotosDemo;
			productName = PhotosDemo;
			productReference = 376797761E1276CA00012899 /* PhotosDemo.app */;
			productType = "com.apple.product-type.application";
		};
		376797891E1276CA00012899 /* PhotosDemoTests */ = {
			isa = PBXNativeTarget;
			buildConfigurationList = 376797A11E1276CA00012899 /* Build configuration list for PBXNativeTarget "PhotosDemoTests" */;
			buildPhases = (
				376797861E1276CA00012899 /* Sources */,
				376797871E1276CA00012899 /* Frameworks */,
				376797881E1276CA00012899 /* Resources */,
			);
			buildRules = (
			);
			dependencies = (
				3767978C1E1276CA00012899 /* PBXTargetDependency */,
			);
			name = PhotosDemoTests;
			productName = PhotosDemoTests;
			productReference = 3767978A1E1276CA00012899 /* PhotosDemoTests.xctest */;
			productType = "com.apple.product-type.bundle.unit-test";
		};
		376797941E1276CA00012899 /* PhotosDemoUITests */ = {
			isa = PBXNativeTarget;
			buildConfigurationList = 376797A41E1276CA00012899 /* Build configuration list for PBXNativeTarget "PhotosDemoUITests" */;
			buildPhases = (
				376797911E1276CA00012899 /* Sources */,
				376797921E1276CA00012899 /* Frameworks */,
				376797931E1276CA00012899 /* Resources */,
			);
			buildRules = (
			);
			dependencies = (
				376797971E1276CA00012899 /* PBXTargetDependency */,
			);
			name = PhotosDemoUITests;
			productName = PhotosDemoUITests;
			productReference = 376797951E1276CA00012899 /* PhotosDemoUITests.xctest */;
			productType = "com.apple.product-type.bundle.ui-testing";
		};
/* End PBXNativeTarget section */

/* Begin PBXProject section */
		3767976E1E1276CA00012899 /* Project object */ = {
			isa = PBXProject;
			attributes = {
				LastSwiftUpdateCheck = 0820;
				LastUpgradeCheck = 0820;
				ORGANIZATIONNAME = "Daniel Payne";
				TargetAttributes = {
					376797751E1276CA00012899 = {
						CreatedOnToolsVersion = 8.2.1;
						DevelopmentTeam = B97M74J2QP;
						ProvisioningStyle = Automatic;
					};
					376797891E1276CA00012899 = {
						CreatedOnToolsVersion = 8.2.1;
						DevelopmentTeam = B97M74J2QP;
						ProvisioningStyle = Automatic;
						TestTargetID = 376797751E1276CA00012899;
					};
					376797941E1276CA00012899 = {
						CreatedOnToolsVersion = 8.2.1;
						DevelopmentTeam = B97M74J2QP;
						ProvisioningStyle = Automatic;
						TestTargetID = 376797751E1276CA00012899;
					};
				};
			};
			buildConfigurationList = 376797711E1276CA00012899 /* Build configuration list for PBXProject "PhotosDemo" */;
			compatibilityVersion = "Xcode 3.2";
			developmentRegion = English;
			hasScannedForEncodings = 0;
			knownRegions = (
				en,
				Base,
			);
			mainGroup = 3767976D1E1276CA00012899;
			productRefGroup = 376797771E1276CA00012899 /* Products */;
			projectDirPath = "";
			projectRoot = "";
			targets = (
				376797751E1276CA00012899 /* PhotosDemo */,
				376797891E1276CA00012899 /* PhotosDemoTests */,
				376797941E1276CA00012899 /* PhotosDemoUITests */,
			);
		};
/* End PBXProject section */

/* Begin PBXResourcesBuildPhase section */
		376797741E1276CA00012899 /* Resources */ = {
			isa = PBXResourcesBuildPhase;
			buildActionMask = 2147483647;
			files = (
				376797841E1276CA00012899 /* LaunchScreen.storyboard in Resources */,
				376797811E1276CA00012899 /* Assets.xcassets in Resources */,
				3767977F1E1276CA00012899 /* Main.storyboard in Resources */,
			);
			runOnlyForDeploymentPostprocessing = 0;
		};
		376797881E1276CA00012899 /* Resources */ = {
			isa = PBXResourcesBuildPhase;
			buildActionMask = 2147483647;
			files = (
			);
			runOnlyForDeploymentPostprocessing = 0;
		};
		376797931E1276CA00012899 /* Resources */ = {
			isa = PBXResourcesBuildPhase;
			buildActionMask = 2147483647;
			files = (
			);
			runOnlyForDeploymentPostprocessing = 0;
		};
/* End PBXResourcesBuildPhase section */

/* Begin PBXSourcesBuildPhase section */
		376797721E1276CA00012899 /* Sources */ = {
			isa = PBXSourcesBuildPhase;
			buildActionMask = 2147483647;
			files = (
				3767977C1E1276CA00012899 /* ViewController.swift in Sources */,
				3767977A1E1276CA00012899 /* AppDelegate.swift in Sources */,
			);
			runOnlyForDeploymentPostprocessing = 0;
		};
		376797861E1276CA00012899 /* Sources */ = {
			isa = PBXSourcesBuildPhase;
			buildActionMask = 2147483647;
			files = (
				3767978F1E1276CA00012899 /* PhotosDemoTests.swift in Sources */,
			);
			runOnlyForDeploymentPostprocessing = 0;
		};
		376797911E1276CA00012899 /* Sources */ = {
			isa = PBXSourcesBuildPhase;
			buildActionMask = 2147483647;
			files = (
				3767979A1E1276CA00012899 /* PhotosDemoUITests.swift in Sources */,
			);
			runOnlyForDeploymentPostprocessing = 0;
		};
/* End PBXSourcesBuildPhase section */

/* Begin PBXTargetDependency section */
		3767978C1E1276CA00012899 /* PBXTargetDependency */ = {
			isa = PBXTargetDependency;
			target = 376797751E1276CA00012899 /* PhotosDemo */;
			targetProxy = 3767978B1E1276CA00012899 /* PBXContainerItemProxy */;
		};
		376797971E1276CA00012899 /* PBXTargetDependency */ = {
			isa = PBXTargetDependency;
			target = 376797751E1276CA00012899 /* PhotosDemo */;
			targetProxy = 376797961E1276CA00012899 /* PBXContainerItemProxy */;
		};
/* End PBXTargetDependency section */

/* Begin PBXVariantGroup section */
		3767977D1E1276CA00012899 /* Main.storyboard */ = {
			isa = PBXVariantGroup;
			children = (
				3767977E1E1276CA00012899 /* Base */,
			);
			name = Main.storyboard;
			sourceTree = "<group>";
		};
		376797821E1276CA00012899 /* LaunchScreen.storyboard */ = {
			isa = PBXVariantGroup;
			children = (
				376797831E1276CA00012899 /* Base */,
			);
			name = LaunchScreen.storyboard;
			sourceTree = "<group>";
		};
/* End PBXVariantGroup section */

/* Begin XCBuildConfiguration section */
		3767979C1E1276CA00012899 /* Debug */ = {
			isa = XCBuildConfiguration;
			buildSettings = {
				ALWAYS_SEARCH_USER_PATHS = NO;
				CLANG_ANALYZER_NONNULL = YES;
				CLANG_CXX_LANGUAGE_STANDARD = "gnu++0x";
				CLANG_CXX_LIBRARY = "libc++";
				CLANG_ENABLE_MODULES = YES;
				CLANG_ENABLE_OBJC_ARC = YES;
				CLANG_WARN_BOOL_CONVERSION = YES;
				CLANG_WARN_CONSTANT_CONVERSION = YES;
				CLANG_WARN_DIRECT_OBJC_ISA_USAGE = YES_ERROR;
				CLANG_WARN_DOCUMENTATION_COMMENTS = YES;
				CLANG_WARN_EMPTY_BODY = YES;
				CLANG_WARN_ENUM_CONVERSION = YES;
				CLANG_WARN_INFINITE_RECURSION = YES;
				CLANG_WARN_INT_CONVERSION = YES;
				CLANG_WARN_OBJC_ROOT_CLASS = YES_ERROR;
				CLANG_WARN_SUSPICIOUS_MOVE = YES;
				CLANG_WARN_UNREACHABLE_CODE = YES;
				CLANG_WARN__DUPLICATE_METHOD_MATCH = YES;
				"CODE_SIGN_IDENTITY[sdk=iphoneos*]" = "iPhone Developer";
				COPY_PHASE_STRIP = NO;
				DEBUG_INFORMATION_FORMAT = dwarf;
				ENABLE_STRICT_OBJC_MSGSEND = YES;
				ENABLE_TESTABILITY = YES;
				GCC_C_LANGUAGE_STANDARD = gnu99;
				GCC_DYNAMIC_NO_PIC = NO;
				GCC_NO_COMMON_BLOCKS = YES;
				GCC_OPTIMIZATION_LEVEL = 0;
				GCC_PREPROCESSOR_DEFINITIONS = (
					"DEBUG=1",
					"$(inherited)",
				);
				GCC_WARN_64_TO_32_BIT_CONVERSION = YES;
				GCC_WARN_ABOUT_RETURN_TYPE = YES_ERROR;
				GCC_WARN_UNDECLARED_SELECTOR = YES;
				GCC_WARN_UNINITIALIZED_AUTOS = YES_AGGRESSIVE;
				GCC_WARN_UNUSED_FUNCTION = YES;
				GCC_WARN_UNUSED_VARIABLE = YES;
				IPHONEOS_DEPLOYMENT_TARGET = 10.2;
				MTL_ENABLE_DEBUG_INFO = YES;
				ONLY_ACTIVE_ARCH = YES;
				SDKROOT = iphoneos;
				SWIFT_ACTIVE_COMPILATION_CONDITIONS = DEBUG;
				SWIFT_OPTIMIZATION_LEVEL = "-Onone";
			};
			name = Debug;
		};
		3767979D1E1276CA00012899 /* Release */ = {
			isa = XCBuildConfiguration;
			buildSettings = {
				ALWAYS_SEARCH_USER_PATHS = NO;
				CLANG_ANALYZER_NONNULL = YES;
				CLANG_CXX_LANGUAGE_STANDARD = "gnu++0x";
				CLANG_CXX_LIBRARY = "libc++";
				CLANG_ENABLE_MODULES = YES;
				CLANG_ENABLE_OBJC_ARC = YES;
				CLANG_WARN_BOOL_CONVERSION = YES;
				CLANG_WARN_CONSTANT_CONVERSION = YES;
				CLANG_WARN_DIRECT_OBJC_ISA_USAGE = YES_ERROR;
				CLANG_WARN_DOCUMENTATION_COMMENTS = YES;
				CLANG_WARN_EMPTY_BODY = YES;
				CLANG_WARN_ENUM_CONVERSION = YES;
				CLANG_WARN_INFINITE_RECURSION = YES;
				CLANG_WARN_INT_CONVERSION = YES;
				CLANG_WARN_OBJC_ROOT_CLASS = YES_ERROR;
				CLANG_WARN_SUSPICIOUS_MOVE = YES;
				CLANG_WARN_UNREACHABLE_CODE = YES;
				CLANG_WARN__DUPLICATE_METHOD_MATCH = YES;
				"CODE_SIGN_IDENTITY[sdk=iphoneos*]" = "iPhone Developer";
				COPY_PHASE_STRIP = NO;
				DEBUG_INFORMATION_FORMAT = "dwarf-with-dsym";
				ENABLE_NS_ASSERTIONS = NO;
				ENABLE_STRICT_OBJC_MSGSEND = YES;
				GCC_C_LANGUAGE_STANDARD = gnu99;
				GCC_NO_COMMON_BLOCKS = YES;
				GCC_WARN_64_TO_32_BIT_CONVERSION = YES;
				GCC_WARN_ABOUT_RETURN_TYPE = YES_ERROR;
				GCC_WARN_UNDECLARED_SELECTOR = YES;
				GCC_WARN_UNINITIALIZED_AUTOS = YES_AGGRESSIVE;
				GCC_WARN_UNUSED_FUNCTION = YES;
				GCC_WARN_UNUSED_VARIABLE = YES;
				IPHONEOS_DEPLOYMENT_TARGET = 10.2;
				MTL_ENABLE_DEBUG_INFO = NO;
				SDKROOT = iphoneos;
				SWIFT_OPTIMIZATION_LEVEL = "-Owholemodule";
				VALIDATE_PRODUCT = YES;
			};
			name = Release;
		};
		3767979F1E1276CA00012899 /* Debug */ = {
			isa = XCBuildConfiguration;
			buildSettings = {
				ASSETCATALOG_COMPILER_APPICON_NAME = AppIcon;
				DEVELOPMENT_TEAM = B97M74J2QP;
				INFOPLIST_FILE = PhotosDemo/Info.plist;
				LD_RUNPATH_SEARCH_PATHS = "$(inherited) @executable_path/Frameworks";
				PRODUCT_BUNDLE_IDENTIFIER = com.paynio.PhotosDemo;
				PRODUCT_NAME = "$(TARGET_NAME)";
				SWIFT_VERSION = 3.0;
			};
			name = Debug;
		};
		376797A01E1276CA00012899 /* Release */ = {
			isa = XCBuildConfiguration;
			buildSettings = {
				ASSETCATALOG_COMPILER_APPICON_NAME = AppIcon;
				DEVELOPMENT_TEAM = B97M74J2QP;
				INFOPLIST_FILE = PhotosDemo/Info.plist;
				LD_RUNPATH_SEARCH_PATHS = "$(inherited) @executable_path/Frameworks";
				PRODUCT_BUNDLE_IDENTIFIER = com.paynio.PhotosDemo;
				PRODUCT_NAME = "$(TARGET_NAME)";
				SWIFT_VERSION = 3.0;
			};
			name = Release;
		};
		376797A21E1276CA00012899 /* Debug */ = {
			isa = XCBuildConfiguration;
			buildSettings = {
				ALWAYS_EMBED_SWIFT_STANDARD_LIBRARIES = YES;
				BUNDLE_LOADER = "$(TEST_HOST)";
				DEVELOPMENT_TEAM = B97M74J2QP;
				INFOPLIST_FILE = PhotosDemoTests/Info.plist;
				LD_RUNPATH_SEARCH_PATHS = "$(inherited) @executable_path/Frameworks @loader_path/Frameworks";
				PRODUCT_BUNDLE_IDENTIFIER = com.paynio.PhotosDemoTests;
				PRODUCT_NAME = "$(TARGET_NAME)";
				SWIFT_VERSION = 3.0;
				TEST_HOST = "$(BUILT_PRODUCTS_DIR)/PhotosDemo.app/PhotosDemo";
			};
			name = Debug;
		};
		376797A31E1276CA00012899 /* Release */ = {
			isa = XCBuildConfiguration;
			buildSettings = {
				ALWAYS_EMBED_SWIFT_STANDARD_LIBRARIES = YES;
				BUNDLE_LOADER = "$(TEST_HOST)";
				DEVELOPMENT_TEAM = B97M74J2QP;
				INFOPLIST_FILE = PhotosDemoTests/Info.plist;
				LD_RUNPATH_SEARCH_PATHS = "$(inherited) @executable_path/Frameworks @loader_path/Frameworks";
				PRODUCT_BUNDLE_IDENTIFIER = com.paynio.PhotosDemoTests;
				PRODUCT_NAME = "$(TARGET_NAME)";
				SWIFT_VERSION = 3.0;
				TEST_HOST = "$(BUILT_PRODUCTS_DIR)/PhotosDemo.app/PhotosDemo";
			};
			name = Release;
		};
		376797A51E1276CA00012899 /* Debug */ = {
			isa = XCBuildConfiguration;
			buildSettings = {
				ALWAYS_EMBED_SWIFT_STANDARD_LIBRARIES = YES;
				DEVELOPMENT_TEAM = B97M74J2QP;
				INFOPLIST_FILE = PhotosDemoUITests/Info.plist;
				LD_RUNPATH_SEARCH_PATHS = "$(inherited) @executable_path/Frameworks @loader_path/Frameworks";
				PRODUCT_BUNDLE_IDENTIFIER = com.paynio.PhotosDemoUITests;
				PRODUCT_NAME = "$(TARGET_NAME)";
				SWIFT_VERSION = 3.0;
				TEST_TARGET_NAME = PhotosDemo;
			};
			name = Debug;
		};
		376797A61E1276CA00012899 /* Release */ = {
			isa = XCBuildConfiguration;
			buildSettings = {
				ALWAYS_EMBED_SWIFT_STANDARD_LIBRARIES = YES;
				DEVELOPMENT_TEAM = B97M74J2QP;
				INFOPLIST_FILE = PhotosDemoUITests/Info.plist;
				LD_RUNPATH_SEARCH_PATHS = "$(inherited) @executable_path/Frameworks @loader_path/Frameworks";
				PRODUCT_BUNDLE_IDENTIFIER = com.paynio.PhotosDemoUITests;
				PRODUCT_NAME = "$(TARGET_NAME)";
				SWIFT_VERSION = 3.0;
				TEST_TARGET_NAME = PhotosDemo;
			};
			name = Release;
		};
/* End XCBuildConfiguration section */

/* Begin XCConfigurationList section */
		376797711E1276CA00012899 /* Build configuration list for PBXProject "PhotosDemo" */ = {
			isa = XCConfigurationList;
			buildConfigurations = (
				3767979C1E1276CA00012899 /* Debug */,
				3767979D1E1276CA00012899 /* Release */,
			);
			defaultConfigurationIsVisible = 0;
			defaultConfigurationName = Release;
		};
		3767979E1E1276CA00012899 /* Build configuration list for PBXNativeTarget "PhotosDemo" */ = {
			isa = XCConfigurationList;
			buildConfigurations = (
				3767979F1E1276CA00012899 /* Debug */,
				376797A01E1276CA00012899 /* Release */,
			);
			defaultConfigurationIsVisible = 0;
		};
		376797A11E1276CA00012899 /* Build configuration list for PBXNativeTarget "PhotosDemoTests" */ = {
			isa = XCConfigurationList;
			buildConfigurations = (
				376797A21E1276CA00012899 /* Debug */,
				376797A31E1276CA00012899 /* Release */,
			);
			defaultConfigurationIsVisible = 0;
		};
		376797A41E1276CA00012899 /* Build configuration list for PBXNativeTarget "PhotosDemoUITests" */ = {
			isa = XCConfigurationList;
			buildConfigurations = (
				376797A51E1276CA00012899 /* Debug */,
				376797A61E1276CA00012899 /* Release */,
			);
			defaultConfigurationIsVisible = 0;
		};
/* End XCConfigurationList section */
	};
	rootObject = 3767976E1E1276CA00012899 /* Project object */;
}
